
Microsoft Visual Studio Solution File, Format Version 12.00
# Visual Studio Version 17
VisualStudioVersion = 17.9.34723.18
MinimumVisualStudioVersion = 10.0.40219.1
Project("{2150E333-8FDC-42A3-9474-1A3956D46DE8}") = "Core", "Core", "{3DA983A9-E117-482C-8F32-2361BB5DA9C8}"
EndProject
Project("{FAE04EC0-301F-11D3-BF4B-00C04F79EFBC}") = "CarBook.Domain", "Core\CarBook.Domain\CarBook.Domain.csproj", "{76B5D4BF-D281-4381-AAA8-15118769817A}"
EndProject
Global
	GlobalSection(SolutionConfigurationPlatforms) = preSolution
		Debug|Any CPU = Debug|Any CPU
		Release|Any CPU = Release|Any CPU
	EndGlobalSection
	GlobalSection(ProjectConfigurationPlatforms) = postSolution
		{76B5D4BF-D281-4381-AAA8-15118769817A}.Debug|Any CPU.ActiveCfg = Debug|Any CPU
		{76B5D4BF-D281-4381-AAA8-15118769817A}.Debug|Any CPU.Build.0 = Debug|Any CPU
		{76B5D4BF-D281-4381-AAA8-15118769817A}.Release|Any CPU.ActiveCfg = Release|Any CPU
		{76B5D4BF-D281-4381-AAA8-15118769817A}.Release|Any CPU.Build.0 = Release|Any CPU
	EndGlobalSection
	GlobalSection(SolutionProperties) = preSolution
		HideSolutionNode = FALSE
	EndGlobalSection
	GlobalSection(NestedProjects) = preSolution
		{76B5D4BF-D281-4381-AAA8-15118769817A} = {3DA983A9-E117-482C-8F32-2361BB5DA9C8}
	EndGlobalSection
	GlobalSection(ExtensibilityGlobals) = postSolution
		SolutionGuid = {9C5DFCC5-EE43-4F91-9698-6A02F351821F}
	EndGlobalSection
EndGlobal
